
Microsoft Visual Studio Solution File, Format Version 12.00
# Visual Studio Version 16
VisualStudioVersion = 16.0.31729.503
MinimumVisualStudioVersion = 10.0.40219.1
Project("{9A19103F-16F7-4668-BE54-9A1E7A4F7556}") = "Utils", "Utils\Utils.csproj", "{F9273D86-D58B-413B-A2F4-A5DDF9D86CD8}"
EndProject
Project("{FAE04EC0-301F-11D3-BF4B-00C04F79EFBC}") = "Utils.Test", "Utils.Test\Utils.Test.csproj", "{49316D1D-DE7F-4453-BCED-C147A017FC62}"
EndProject
Global
	GlobalSection(SolutionConfigurationPlatforms) = preSolution
		Debug|Any CPU = Debug|Any CPU
		Release|Any CPU = Release|Any CPU
	EndGlobalSection
	GlobalSection(ProjectConfigurationPlatforms) = postSolution
		{F9273D86-D58B-413B-A2F4-A5DDF9D86CD8}.Debug|Any CPU.ActiveCfg = Debug|Any CPU
		{F9273D86-D58B-413B-A2F4-A5DDF9D86CD8}.Debug|Any CPU.Build.0 = Debug|Any CPU
		{F9273D86-D58B-413B-A2F4-A5DDF9D86CD8}.Release|Any CPU.ActiveCfg = Release|Any CPU
		{F9273D86-D58B-413B-A2F4-A5DDF9D86CD8}.Release|Any CPU.Build.0 = Release|Any CPU
		{49316D1D-DE7F-4453-BCED-C147A017FC62}.Debug|Any CPU.ActiveCfg = Debug|Any CPU
		{49316D1D-DE7F-4453-BCED-C147A017FC62}.Debug|Any CPU.Build.0 = Debug|Any CPU
		{49316D1D-DE7F-4453-BCED-C147A017FC62}.Release|Any CPU.ActiveCfg = Release|Any CPU
		{49316D1D-DE7F-4453-BCED-C147A017FC62}.Release|Any CPU.Build.0 = Release|Any CPU
	EndGlobalSection
	GlobalSection(SolutionProperties) = preSolution
		HideSolutionNode = FALSE
	EndGlobalSection
	GlobalSection(ExtensibilityGlobals) = postSolution
		SolutionGuid = {6D377C51-54AE-4F51-8F8D-E3744B0A00A8}
	EndGlobalSection
EndGlobal
